
Microsoft Visual Studio Solution File, Format Version 12.00
# Visual Studio Express 14 for Web
VisualStudioVersion = 14.0.25420.1
MinimumVisualStudioVersion = 10.0.40219.1
Project("{E24C65DC-7377-472B-9ABA-BC803B73C61A}") = "RudWebSiteForChapter4", "RudWebSiteForChapter4\", "{C346E1A0-8141-483E-B419-C34F20E93993}"
	ProjectSection(WebsiteProperties) = preProject
		TargetFrameworkMoniker = ".NETFramework,Version%3Dv4.6.2"
		Debug.AspNetCompiler.VirtualPath = "/localhost_35025"
		Debug.AspNetCompiler.PhysicalPath = "RudWebSiteForChapter4\"
		Debug.AspNetCompiler.TargetPath = "PrecompiledWeb\localhost_35025\"
		Debug.AspNetCompiler.Updateable = "true"
		Debug.AspNetCompiler.ForceOverwrite = "true"
		Debug.AspNetCompiler.FixedNames = "false"
		Debug.AspNetCompiler.Debug = "True"
		Release.AspNetCompiler.VirtualPath = "/localhost_35025"
		Release.AspNetCompiler.PhysicalPath = "RudWebSiteForChapter4\"
		Release.AspNetCompiler.TargetPath = "PrecompiledWeb\localhost_35025\"
		Release.AspNetCompiler.Updateable = "true"
		Release.AspNetCompiler.ForceOverwrite = "true"
		Release.AspNetCompiler.FixedNames = "false"
		Release.AspNetCompiler.Debug = "False"
		VWDPort = "35025"
		SlnRelativePath = "RudWebSiteForChapter4\"
		DefaultWebSiteLanguage = "Visual C#"
	EndProjectSection
EndProject
Project("{FAE04EC0-301F-11D3-BF4B-00C04F79EFBC}") = "NestedUserControls", "..\NestedUserControls\NestedUserControls\NestedUserControls.csproj", "{D8654FDA-4441-48DC-960C-0CD5089AD5E8}"
EndProject
Global
	GlobalSection(SolutionConfigurationPlatforms) = preSolution
		Debug|Any CPU = Debug|Any CPU
		Release|Any CPU = Release|Any CPU
	EndGlobalSection
	GlobalSection(ProjectConfigurationPlatforms) = postSolution
		{C346E1A0-8141-483E-B419-C34F20E93993}.Debug|Any CPU.ActiveCfg = Debug|Any CPU
		{C346E1A0-8141-483E-B419-C34F20E93993}.Debug|Any CPU.Build.0 = Debug|Any CPU
		{C346E1A0-8141-483E-B419-C34F20E93993}.Release|Any CPU.ActiveCfg = Debug|Any CPU
		{C346E1A0-8141-483E-B419-C34F20E93993}.Release|Any CPU.Build.0 = Debug|Any CPU
		{D8654FDA-4441-48DC-960C-0CD5089AD5E8}.Debug|Any CPU.ActiveCfg = Debug|Any CPU
		{D8654FDA-4441-48DC-960C-0CD5089AD5E8}.Debug|Any CPU.Build.0 = Debug|Any CPU
		{D8654FDA-4441-48DC-960C-0CD5089AD5E8}.Release|Any CPU.ActiveCfg = Release|Any CPU
		{D8654FDA-4441-48DC-960C-0CD5089AD5E8}.Release|Any CPU.Build.0 = Release|Any CPU
	EndGlobalSection
	GlobalSection(SolutionProperties) = preSolution
		HideSolutionNode = FALSE
	EndGlobalSection
EndGlobal
